// !$*UTF8*$!
{
	archiveVersion = 1;
	classes = {
	};
	objectVersion = 48;
	objects = {

/* Begin PBXBuildFile section */
		A8600F8E04966D9437B740E7 /* Pods_ProShop.framework in Frameworks */ = {isa = PBXBuildFile; fileRef = F202485FD2B1D02CEF478FE2 /* Pods_ProShop.framework */; };
		E2787201218B0AA900F04799 /* AppDelegate.swift in Sources */ = {isa = PBXBuildFile; fileRef = E2787200218B0AA900F04799 /* AppDelegate.swift */; };
		E2787203218B0AA900F04799 /* ViewController.swift in Sources */ = {isa = PBXBuildFile; fileRef = E2787202218B0AA900F04799 /* ViewController.swift */; };
		E2787206218B0AA900F04799 /* Main.storyboard in Resources */ = {isa = PBXBuildFile; fileRef = E2787204218B0AA900F04799 /* Main.storyboard */; };
		E2787209218B0AA900F04799 /* ProShop.xcdatamodeld in Sources */ = {isa = PBXBuildFile; fileRef = E2787207218B0AA900F04799 /* ProShop.xcdatamodeld */; };
		E278720B218B0AAA00F04799 /* Assets.xcassets in Resources */ = {isa = PBXBuildFile; fileRef = E278720A218B0AAA00F04799 /* Assets.xcassets */; };
		E278720E218B0AAA00F04799 /* LaunchScreen.storyboard in Resources */ = {isa = PBXBuildFile; fileRef = E278720C218B0AAA00F04799 /* LaunchScreen.storyboard */; };
		E278721D218B35C000F04799 /* loading.coreanimator in Resources */ = {isa = PBXBuildFile; fileRef = E278721A218B35C000F04799 /* loading.coreanimator */; };
		E278721E218B35C000F04799 /* Untitled.xcassets in Resources */ = {isa = PBXBuildFile; fileRef = E278721B218B35C000F04799 /* Untitled.xcassets */; };
		E278721F218B35C000F04799 /* UntitledView.swift in Sources */ = {isa = PBXBuildFile; fileRef = E278721C218B35C000F04799 /* UntitledView.swift */; };
/* End PBXBuildFile section */

/* Begin PBXFileReference section */
		C650250B69A0A2D676DF1F8A /* Pods-ProShop.release.xcconfig */ = {isa = PBXFileReference; includeInIndex = 1; lastKnownFileType = text.xcconfig; name = "Pods-ProShop.release.xcconfig"; path = "Pods/Target Support Files/Pods-ProShop/Pods-ProShop.release.xcconfig"; sourceTree = "<group>"; };
		D4196763A3CCA8ABC29C0233 /* Pods-ProShop.debug.xcconfig */ = {isa = PBXFileReference; includeInIndex = 1; lastKnownFileType = text.xcconfig; name = "Pods-ProShop.debug.xcconfig"; path = "Pods/Target Support Files/Pods-ProShop/Pods-ProShop.debug.xcconfig"; sourceTree = "<group>"; };
		E27871FD218B0AA900F04799 /* ProShop.app */ = {isa = PBXFileReference; explicitFileType = wrapper.application; includeInIndex = 0; path = ProShop.app; sourceTree = BUILT_PRODUCTS_DIR; };
		E2787200218B0AA900F04799 /* AppDelegate.swift */ = {isa = PBXFileReference; lastKnownFileType = sourcecode.swift; path = AppDelegate.swift; sourceTree = "<group>"; };
		E2787202218B0AA900F04799 /* ViewController.swift */ = {isa = PBXFileReference; lastKnownFileType = sourcecode.swift; path = ViewController.swift; sourceTree = "<group>"; };
		E2787205218B0AA900F04799 /* Base */ = {isa = PBXFileReference; lastKnownFileType = file.storyboard; name = Base; path = Base.lproj/Main.storyboard; sourceTree = "<group>"; };
		E2787208218B0AA900F04799 /* ProShop.xcdatamodel */ = {isa = PBXFileReference; lastKnownFileType = wrapper.xcdatamodel; path = ProShop.xcdatamodel; sourceTree = "<group>"; };
		E278720A218B0AAA00F04799 /* Assets.xcassets */ = {isa = PBXFileReference; lastKnownFileType = folder.assetcatalog; path = Assets.xcassets; sourceTree = "<group>"; };
		E278720D218B0AAA00F04799 /* Base */ = {isa = PBXFileReference; lastKnownFileType = file.storyboard; name = Base; path = Base.lproj/LaunchScreen.storyboard; sourceTree = "<group>"; };
		E278720F218B0AAA00F04799 /* Info.plist */ = {isa = PBXFileReference; lastKnownFileType = text.plist.xml; path = Info.plist; sourceTree = "<group>"; };
		E278721A218B35C000F04799 /* loading.coreanimator */ = {isa = PBXFileReference; lastKnownFileType = wrapper; path = loading.coreanimator; sourceTree = "<group>"; };
		E278721B218B35C000F04799 /* Untitled.xcassets */ = {isa = PBXFileReference; lastKnownFileType = folder.assetcatalog; path = Untitled.xcassets; sourceTree = "<group>"; };
		E278721C218B35C000F04799 /* UntitledView.swift */ = {isa = PBXFileReference; fileEncoding = 4; lastKnownFileType = sourcecode.swift; path = UntitledView.swift; sourceTree = "<group>"; };
		F202485FD2B1D02CEF478FE2 /* Pods_ProShop.framework */ = {isa = PBXFileReference; explicitFileType = wrapper.framework; includeInIndex = 0; path = Pods_ProShop.framework; sourceTree = BUILT_PRODUCTS_DIR; };
/* End PBXFileReference section */

/* Begin PBXFrameworksBuildPhase section */
		E27871FA218B0AA900F04799 /* Frameworks */ = {
			isa = PBXFrameworksBuildPhase;
			buildActionMask = 2147483647;
			files = (
				A8600F8E04966D9437B740E7 /* Pods_ProShop.framework in Frameworks */,
			);
			runOnlyForDeploymentPostprocessing = 0;
		};
/* End PBXFrameworksBuildPhase section */

/* Begin PBXGroup section */
		8945E89236B1CCE41725D73C /* Frameworks */ = {
			isa = PBXGroup;
			children = (
				F202485FD2B1D02CEF478FE2 /* Pods_ProShop.framework */,
			);
			name = Frameworks;
			sourceTree = "<group>";
		};
		C0DED44F7F7424BFF20ECEE8 /* Pods */ = {
			isa = PBXGroup;
			children = (
				D4196763A3CCA8ABC29C0233 /* Pods-ProShop.debug.xcconfig */,
				C650250B69A0A2D676DF1F8A /* Pods-ProShop.release.xcconfig */,
			);
			name = Pods;
			sourceTree = "<group>";
		};
		E27871F4218B0AA900F04799 = {
			isa = PBXGroup;
			children = (
				E27871FF218B0AA900F04799 /* ProShop */,
				E27871FE218B0AA900F04799 /* Products */,
				C0DED44F7F7424BFF20ECEE8 /* Pods */,
				8945E89236B1CCE41725D73C /* Frameworks */,
			);
			sourceTree = "<group>";
		};
		E27871FE218B0AA900F04799 /* Products */ = {
			isa = PBXGroup;
			children = (
				E27871FD218B0AA900F04799 /* ProShop.app */,
			);
			name = Products;
			sourceTree = "<group>";
		};
		E27871FF218B0AA900F04799 /* ProShop */ = {
			isa = PBXGroup;
			children = (
				E2787218218B283700F04799 /* Package */,
				E2787217218B282900F04799 /* Controller */,
				E2787216218B282000F04799 /* View */,
				E2787215218B281800F04799 /* Model */,
				E278720F218B0AAA00F04799 /* Info.plist */,
			);
			path = ProShop;
			sourceTree = "<group>";
		};
		E2787215218B281800F04799 /* Model */ = {
			isa = PBXGroup;
			children = (
				E2787200218B0AA900F04799 /* AppDelegate.swift */,
				E278720A218B0AAA00F04799 /* Assets.xcassets */,
				E2787207218B0AA900F04799 /* ProShop.xcdatamodeld */,
			);
			path = Model;
			sourceTree = "<group>";
		};
		E2787216218B282000F04799 /* View */ = {
			isa = PBXGroup;
			children = (
				E278720C218B0AAA00F04799 /* LaunchScreen.storyboard */,
				E2787204218B0AA900F04799 /* Main.storyboard */,
			);
			path = View;
			sourceTree = "<group>";
		};
		E2787217218B282900F04799 /* Controller */ = {
			isa = PBXGroup;
			children = (
				E2787202218B0AA900F04799 /* ViewController.swift */,
			);
			path = Controller;
			sourceTree = "<group>";
		};
		E2787218218B283700F04799 /* Package */ = {
			isa = PBXGroup;
			children = (
				E2787219218B35AA00F04799 /* Loading */,
			);
			path = Package;
			sourceTree = "<group>";
		};
		E2787219218B35AA00F04799 /* Loading */ = {
			isa = PBXGroup;
			children = (
				E278721A218B35C000F04799 /* loading.coreanimator */,
				E278721B218B35C000F04799 /* Untitled.xcassets */,
				E278721C218B35C000F04799 /* UntitledView.swift */,
			);
			path = Loading;
			sourceTree = "<group>";
		};
/* End PBXGroup section */

/* Begin PBXNativeTarget section */
		E27871FC218B0AA900F04799 /* ProShop */ = {
			isa = PBXNativeTarget;
			buildConfigurationList = E2787212218B0AAA00F04799 /* Build configuration list for PBXNativeTarget "ProShop" */;
			buildPhases = (
				B519B926AC1B906894BA7EB0 /* [CP] Check Pods Manifest.lock */,
				E27871F9218B0AA900F04799 /* Sources */,
				E27871FA218B0AA900F04799 /* Frameworks */,
				E27871FB218B0AA900F04799 /* Resources */,
			);
			buildRules = (
			);
			dependencies = (
			);
			name = ProShop;
			productName = ProShop;
			productReference = E27871FD218B0AA900F04799 /* ProShop.app */;
			productType = "com.apple.product-type.application";
		};
/* End PBXNativeTarget section */

/* Begin PBXProject section */
		E27871F5218B0AA900F04799 /* Project object */ = {
			isa = PBXProject;
			attributes = {
				LastSwiftUpdateCheck = 1010;
				LastUpgradeCheck = 1010;
				ORGANIZATIONNAME = "kousha ghodsizad";
				TargetAttributes = {
					E27871FC218B0AA900F04799 = {
						CreatedOnToolsVersion = 10.1;
						ProvisioningStyle = Automatic;
					};
				};
			};
			buildConfigurationList = E27871F8218B0AA900F04799 /* Build configuration list for PBXProject "ProShop" */;
			compatibilityVersion = "Xcode 8.0";
			developmentRegion = en;
			hasScannedForEncodings = 0;
			knownRegions = (
				en,
				Base,
			);
			mainGroup = E27871F4218B0AA900F04799;
			productRefGroup = E27871FE218B0AA900F04799 /* Products */;
			projectDirPath = "";
			projectRoot = "";
			targets = (
				E27871FC218B0AA900F04799 /* ProShop */,
			);
		};
/* End PBXProject section */

/* Begin PBXResourcesBuildPhase section */
		E27871FB218B0AA900F04799 /* Resources */ = {
			isa = PBXResourcesBuildPhase;
			buildActionMask = 2147483647;
			files = (
				E278721D218B35C000F04799 /* loading.coreanimator in Resources */,
				E278720E218B0AAA00F04799 /* LaunchScreen.storyboard in Resources */,
				E278721E218B35C000F04799 /* Untitled.xcassets in Resources */,
				E278720B218B0AAA00F04799 /* Assets.xcassets in Resources */,
				E2787206218B0AA900F04799 /* Main.storyboard in Resources */,
			);
			runOnlyForDeploymentPostprocessing = 0;
		};
/* End PBXResourcesBuildPhase section */

/* Begin PBXShellScriptBuildPhase section */
		B519B926AC1B906894BA7EB0 /* [CP] Check Pods Manifest.lock */ = {
			isa = PBXShellScriptBuildPhase;
			buildActionMask = 2147483647;
			files = (
			);
			inputFileListPaths = (
			);
			inputPaths = (
				"${PODS_PODFILE_DIR_PATH}/Podfile.lock",
				"${PODS_ROOT}/Manifest.lock",
			);
			name = "[CP] Check Pods Manifest.lock";
			outputFileListPaths = (
			);
			outputPaths = (
				"$(DERIVED_FILE_DIR)/Pods-ProShop-checkManifestLockResult.txt",
			);
			runOnlyForDeploymentPostprocessing = 0;
			shellPath = /bin/sh;
			shellScript = "diff \"${PODS_PODFILE_DIR_PATH}/Podfile.lock\" \"${PODS_ROOT}/Manifest.lock\" > /dev/null\nif [ $? != 0 ] ; then\n    # print error to STDERR\n    echo \"error: The sandbox is not in sync with the Podfile.lock. Run 'pod install' or update your CocoaPods installation.\" >&2\n    exit 1\nfi\n# This output is used by Xcode 'outputs' to avoid re-running this script phase.\necho \"SUCCESS\" > \"${SCRIPT_OUTPUT_FILE_0}\"\n";
			showEnvVarsInLog = 0;
		};
/* End PBXShellScriptBuildPhase section */

/* Begin PBXSourcesBuildPhase section */
		E27871F9218B0AA900F04799 /* Sources */ = {
			isa = PBXSourcesBuildPhase;
			buildActionMask = 2147483647;
			files = (
				E2787203218B0AA900F04799 /* ViewController.swift in Sources */,
				E278721F218B35C000F04799 /* UntitledView.swift in Sources */,
				E2787209218B0AA900F04799 /* ProShop.xcdatamodeld in Sources */,
				E2787201218B0AA900F04799 /* AppDelegate.swift in Sources */,
			);
			runOnlyForDeploymentPostprocessing = 0;
		};
/* End PBXSourcesBuildPhase section */

/* Begin PBXVariantGroup section */
		E2787204218B0AA900F04799 /* Main.storyboard */ = {
			isa = PBXVariantGroup;
			children = (
				E2787205218B0AA900F04799 /* Base */,
			);
			name = Main.storyboard;
			sourceTree = "<group>";
		};
		E278720C218B0AAA00F04799 /* LaunchScreen.storyboard */ = {
			isa = PBXVariantGroup;
			children = (
				E278720D218B0AAA00F04799 /* Base */,
			);
			name = LaunchScreen.storyboard;
			sourceTree = "<group>";
		};
/* End PBXVariantGroup section */

/* Begin XCBuildConfiguration section */
		E2787210218B0AAA00F04799 /* Debug */ = {
			isa = XCBuildConfiguration;
			buildSettings = {
				ALWAYS_SEARCH_USER_PATHS = NO;
				CLANG_ANALYZER_NONNULL = YES;
				CLANG_ANALYZER_NUMBER_OBJECT_CONVERSION = YES_AGGRESSIVE;
				CLANG_CXX_LANGUAGE_STANDARD = "gnu++14";
				CLANG_CXX_LIBRARY = "libc++";
				CLANG_ENABLE_MODULES = YES;
				CLANG_ENABLE_OBJC_ARC = YES;
				CLANG_ENABLE_OBJC_WEAK = YES;
				CLANG_WARN_BLOCK_CAPTURE_AUTORELEASING = YES;
				CLANG_WARN_BOOL_CONVERSION = YES;
				CLANG_WARN_COMMA = YES;
				CLANG_WARN_CONSTANT_CONVERSION = YES;
				CLANG_WARN_DEPRECATED_OBJC_IMPLEMENTATIONS = YES;
				CLANG_WARN_DIRECT_OBJC_ISA_USAGE = YES_ERROR;
				CLANG_WARN_DOCUMENTATION_COMMENTS = YES;
				CLANG_WARN_EMPTY_BODY = YES;
				CLANG_WARN_ENUM_CONVERSION = YES;
				CLANG_WARN_INFINITE_RECURSION = YES;
				CLANG_WARN_INT_CONVERSION = YES;
				CLANG_WARN_NON_LITERAL_NULL_CONVERSION = YES;
				CLANG_WARN_OBJC_IMPLICIT_RETAIN_SELF = YES;
				CLANG_WARN_OBJC_LITERAL_CONVERSION = YES;
				CLANG_WARN_OBJC_ROOT_CLASS = YES_ERROR;
				CLANG_WARN_RANGE_LOOP_ANALYSIS = YES;
				CLANG_WARN_STRICT_PROTOTYPES = YES;
				CLANG_WARN_SUSPICIOUS_MOVE = YES;
				CLANG_WARN_UNGUARDED_AVAILABILITY = YES_AGGRESSIVE;
				CLANG_WARN_UNREACHABLE_CODE = YES;
				CLANG_WARN__DUPLICATE_METHOD_MATCH = YES;
				CODE_SIGN_IDENTITY = "iPhone Developer";
				COPY_PHASE_STRIP = NO;
				DEBUG_INFORMATION_FORMAT = dwarf;
				ENABLE_STRICT_OBJC_MSGSEND = YES;
				ENABLE_TESTABILITY = YES;
				GCC_C_LANGUAGE_STANDARD = gnu11;
				GCC_DYNAMIC_NO_PIC = NO;
				GCC_NO_COMMON_BLOCKS = YES;
				GCC_OPTIMIZATION_LEVEL = 0;
				GCC_PREPROCESSOR_DEFINITIONS = (
					"DEBUG=1",
					"$(inherited)",
				);
				GCC_WARN_64_TO_32_BIT_CONVERSION = YES;
				GCC_WARN_ABOUT_RETURN_TYPE = YES_ERROR;
				GCC_WARN_UNDECLARED_SELECTOR = YES;
				GCC_WARN_UNINITIALIZED_AUTOS = YES_AGGRESSIVE;
				GCC_WARN_UNUSED_FUNCTION = YES;
				GCC_WARN_UNUSED_VARIABLE = YES;
				IPHONEOS_DEPLOYMENT_TARGET = 12.1;
				MTL_ENABLE_DEBUG_INFO = INCLUDE_SOURCE;
				MTL_FAST_MATH = YES;
				ONLY_ACTIVE_ARCH = YES;
				SDKROOT = iphoneos;
				SWIFT_ACTIVE_COMPILATION_CONDITIONS = DEBUG;
				SWIFT_OPTIMIZATION_LEVEL = "-Onone";
			};
			name = Debug;
		};
		E2787211218B0AAA00F04799 /* Release */ = {
			isa = XCBuildConfiguration;
			buildSettings = {
				ALWAYS_SEARCH_USER_PATHS = NO;
				CLANG_ANALYZER_NONNULL = YES;
				CLANG_ANALYZER_NUMBER_OBJECT_CONVERSION = YES_AGGRESSIVE;
				CLANG_CXX_LANGUAGE_STANDARD = "gnu++14";
				CLANG_CXX_LIBRARY = "libc++";
				CLANG_ENABLE_MODULES = YES;
				CLANG_ENABLE_OBJC_ARC = YES;
				CLANG_ENABLE_OBJC_WEAK = YES;
				CLANG_WARN_BLOCK_CAPTURE_AUTORELEASING = YES;
				CLANG_WARN_BOOL_CONVERSION = YES;
				CLANG_WARN_COMMA = YES;
				CLANG_WARN_CONSTANT_CONVERSION = YES;
				CLANG_WARN_DEPRECATED_OBJC_IMPLEMENTATIONS = YES;
				CLANG_WARN_DIRECT_OBJC_ISA_USAGE = YES_ERROR;
				CLANG_WARN_DOCUMENTATION_COMMENTS = YES;
				CLANG_WARN_EMPTY_BODY = YES;
				CLANG_WARN_ENUM_CONVERSION = YES;
				CLANG_WARN_INFINITE_RECURSION = YES;
				CLANG_WARN_INT_CONVERSION = YES;
				CLANG_WARN_NON_LITERAL_NULL_CONVERSION = YES;
				CLANG_WARN_OBJC_IMPLICIT_RETAIN_SELF = YES;
				CLANG_WARN_OBJC_LITERAL_CONVERSION = YES;
				CLANG_WARN_OBJC_ROOT_CLASS = YES_ERROR;
				CLANG_WARN_RANGE_LOOP_ANALYSIS = YES;
				CLANG_WARN_STRICT_PROTOTYPES = YES;
				CLANG_WARN_SUSPICIOUS_MOVE = YES;
				CLANG_WARN_UNGUARDED_AVAILABILITY = YES_AGGRESSIVE;
				CLANG_WARN_UNREACHABLE_CODE = YES;
				CLANG_WARN__DUPLICATE_METHOD_MATCH = YES;
				CODE_SIGN_IDENTITY = "iPhone Developer";
				COPY_PHASE_STRIP = NO;
				DEBUG_INFORMATION_FORMAT = "dwarf-with-dsym";
				ENABLE_NS_ASSERTIONS = NO;
				ENABLE_STRICT_OBJC_MSGSEND = YES;
				GCC_C_LANGUAGE_STANDARD = gnu11;
				GCC_NO_COMMON_BLOCKS = YES;
				GCC_WARN_64_TO_32_BIT_CONVERSION = YES;
				GCC_WARN_ABOUT_RETURN_TYPE = YES_ERROR;
				GCC_WARN_UNDECLARED_SELECTOR = YES;
				GCC_WARN_UNINITIALIZED_AUTOS = YES_AGGRESSIVE;
				GCC_WARN_UNUSED_FUNCTION = YES;
				GCC_WARN_UNUSED_VARIABLE = YES;
				IPHONEOS_DEPLOYMENT_TARGET = 12.1;
				MTL_ENABLE_DEBUG_INFO = NO;
				MTL_FAST_MATH = YES;
				SDKROOT = iphoneos;
				SWIFT_OPTIMIZATION_LEVEL = "-Owholemodule";
				VALIDATE_PRODUCT = YES;
			};
			name = Release;
		};
		E2787213218B0AAA00F04799 /* Debug */ = {
			isa = XCBuildConfiguration;
			baseConfigurationReference = D4196763A3CCA8ABC29C0233 /* Pods-ProShop.debug.xcconfig */;
			buildSettings = {
				ASSETCATALOG_COMPILER_APPICON_NAME = AppIcon;
				CODE_SIGN_STYLE = Automatic;
				DEVELOPMENT_TEAM = 3TTAF8Z8F7;
				INFOPLIST_FILE = ProShop/Info.plist;
				IPHONEOS_DEPLOYMENT_TARGET = 10.0;
				LD_RUNPATH_SEARCH_PATHS = "$(inherited) @executable_path/Frameworks";
				PRODUCT_BUNDLE_IDENTIFIER = com.atipendar.ProShop;
				PRODUCT_NAME = "$(TARGET_NAME)";
				SWIFT_VERSION = 4.2;
				TARGETED_DEVICE_FAMILY = "1,2";
			};
			name = Debug;
		};
		E2787214218B0AAA00F04799 /* Release */ = {
			isa = XCBuildConfiguration;
			baseConfigurationReference = C650250B69A0A2D676DF1F8A /* Pods-ProShop.release.xcconfig */;
			buildSettings = {
				ASSETCATALOG_COMPILER_APPICON_NAME = AppIcon;
				CODE_SIGN_STYLE = Automatic;
				DEVELOPMENT_TEAM = 3TTAF8Z8F7;
				INFOPLIST_FILE = ProShop/Info.plist;
				IPHONEOS_DEPLOYMENT_TARGET = 10.0;
				LD_RUNPATH_SEARCH_PATHS = "$(inherited) @executable_path/Frameworks";
				PRODUCT_BUNDLE_IDENTIFIER = com.atipendar.ProShop;
				PRODUCT_NAME = "$(TARGET_NAME)";
				SWIFT_VERSION = 4.2;
				TARGETED_DEVICE_FAMILY = "1,2";
			};
			name = Release;
		};
/* End XCBuildConfiguration section */

/* Begin XCConfigurationList section */
		E27871F8218B0AA900F04799 /* Build configuration list for PBXProject "ProShop" */ = {
			isa = XCConfigurationList;
			buildConfigurations = (
				E2787210218B0AAA00F04799 /* Debug */,
				E2787211218B0AAA00F04799 /* Release */,
			);
			defaultConfigurationIsVisible = 0;
			defaultConfigurationName = Release;
		};
		E2787212218B0AAA00F04799 /* Build configuration list for PBXNativeTarget "ProShop" */ = {
			isa = XCConfigurationList;
			buildConfigurations = (
				E2787213218B0AAA00F04799 /* Debug */,
				E2787214218B0AAA00F04799 /* Release */,
			);
			defaultConfigurationIsVisible = 0;
			defaultConfigurationName = Release;
		};
/* End XCConfigurationList section */

/* Begin XCVersionGroup section */
		E2787207218B0AA900F04799 /* ProShop.xcdatamodeld */ = {
			isa = XCVersionGroup;
			children = (
				E2787208218B0AA900F04799 /* ProShop.xcdatamodel */,
			);
			currentVersion = E2787208218B0AA900F04799 /* ProShop.xcdatamodel */;
			path = ProShop.xcdatamodeld;
			sourceTree = "<group>";
			versionGroupType = wrapper.xcdatamodel;
		};
/* End XCVersionGroup section */
	};
	rootObject = E27871F5218B0AA900F04799 /* Project object */;
}
